// !$*UTF8*$!
{
	archiveVersion = 1;
	classes = {
	};
	objectVersion = 46;
	objects = {

/* Begin PBXBuildFile section */
		8FDD36BDC9A7ED6F7F033CFD /* libNavigator.dylib in Frameworks */ = {isa = PBXBuildFile; fileRef = 9596FA655A4C50D70EBAF8A5 /* libNavigator.dylib */; };
		B68AC1CC0D182C3EE591400C /* main.cpp in Sources */ = {isa = PBXBuildFile; fileRef = E21F5234E590246666FCC874 /* main.cpp */; };
/* End PBXBuildFile section */

/* Begin PBXContainerItemProxy section */
		7358306DA2E9FF5F7DF73EAD /* PBXContainerItemProxy */ = {
			isa = PBXContainerItemProxy;
			containerPortal = E6C1EE3B5B1C332DD8FFBC7B /* Navigator.xcodeproj */;
			proxyType = 2;
			remoteGlobalIDString = 794B5D0DCFD8C77FA851DB4D;
			remoteInfo = libNavigator.dylib;
		};
		C592A306F52471F8D031B146 /* PBXContainerItemProxy */ = {
			isa = PBXContainerItemProxy;
			containerPortal = E6C1EE3B5B1C332DD8FFBC7B /* Navigator.xcodeproj */;
			proxyType = 1;
			remoteGlobalIDString = 72654753BAD62B85FF74FD93;
			remoteInfo = libNavigator.dylib;
		};
/* End PBXContainerItemProxy section */

/* Begin PBXFileReference section */
		4FE76385C1727BF77073A1C5 /* NavProject */ = {isa = PBXFileReference; explicitFileType = "compiled.mach-o.executable"; includeInIndex = 0; path = NavProject; sourceTree = BUILT_PRODUCTS_DIR; };
		E21F5234E590246666FCC874 /* main.cpp */ = {isa = PBXFileReference; lastKnownFileType = sourcecode.cpp.cpp; path = main.cpp; sourceTree = "<group>"; };
		E6C1EE3B5B1C332DD8FFBC7B /* Navigator.xcodeproj */ = {isa = PBXFileReference; lastKnownFileType = "wrapper.pb-project"; name = Navigator.xcodeproj; path = ../Navigator/Navigator.xcodeproj; sourceTree = SOURCE_ROOT; };
/* End PBXFileReference section */

/* Begin PBXFrameworksBuildPhase section */
		2FB25E753C6F0DE7B1597CB5 /* Frameworks */ = {
			isa = PBXFrameworksBuildPhase;
			buildActionMask = 2147483647;
			files = (
				8FDD36BDC9A7ED6F7F033CFD /* libNavigator.dylib in Frameworks */,
			);
			runOnlyForDeploymentPostprocessing = 0;
		};
/* End PBXFrameworksBuildPhase section */

/* Begin PBXGroup section */
		31301F7C1D212B2E6F58C5BC /* NavProject */ = {
			isa = PBXGroup;
			children = (
				E21F5234E590246666FCC874 /* main.cpp */,
				A6C936B49B3FADE6EA134CF4 /* Products */,
				9D968EAA920D05DCE0E0A4EA /* Projects */,
			);
			name = NavProject;
			sourceTree = "<group>";
		};
		9D968EAA920D05DCE0E0A4EA /* Projects */ = {
			isa = PBXGroup;
			children = (
				E6C1EE3B5B1C332DD8FFBC7B /* Navigator.xcodeproj */,
			);
			name = Projects;
			sourceTree = "<group>";
		};
		A6C936B49B3FADE6EA134CF4 /* Products */ = {
			isa = PBXGroup;
			children = (
				4FE76385C1727BF77073A1C5 /* NavProject */,
			);
			name = Products;
			sourceTree = "<group>";
		};
		DA3CE40D02779CBFEA132A4D /* Products */ = {
			isa = PBXGroup;
			children = (
				9596FA655A4C50D70EBAF8A5 /* libNavigator.dylib */,
			);
			name = Products;
			sourceTree = "<group>";
		};
/* End PBXGroup section */

/* Begin PBXNativeTarget section */
		59DE5ECB5D4F30FDDEBBD50B /* NavProject */ = {
			isa = PBXNativeTarget;
			buildConfigurationList = 1DEDA6D42AAA56469F94C514 /* Build configuration list for PBXNativeTarget "NavProject" */;
			buildPhases = (
				9F99DF15AC568E872140FD55 /* Resources */,
				0946F86C1603A7DE8AEE16AC /* Sources */,
				2FB25E753C6F0DE7B1597CB5 /* Frameworks */,
			);
			buildRules = (
			);
			dependencies = (
				C7F52116F02FD9C8D7CB6756 /* PBXTargetDependency */,
			);
			name = NavProject;
			productInstallPath = "$(HOME)/bin";
			productName = NavProject;
			productReference = 4FE76385C1727BF77073A1C5 /* NavProject */;
			productType = "com.apple.product-type.tool";
		};
/* End PBXNativeTarget section */

/* Begin PBXProject section */
		08FB7793FE84155DC02AAC07 /* Project object */ = {
			isa = PBXProject;
			attributes = {
				LastUpgradeCheck = 1250;
			};
			buildConfigurationList = 1DEB928908733DD80010E9CD /* Build configuration list for PBXProject "NavProject" */;
			compatibilityVersion = "Xcode 3.2";
			developmentRegion = en;
			hasScannedForEncodings = 1;
			knownRegions = (
				en,
				Base,
			);
			mainGroup = 31301F7C1D212B2E6F58C5BC /* NavProject */;
			projectDirPath = "";
			projectReferences = (
				{
					ProductGroup = DA3CE40D02779CBFEA132A4D /* Products */;
					ProjectRef = E6C1EE3B5B1C332DD8FFBC7B /* Navigator.xcodeproj */;
				},
			);
			projectRoot = "";
			targets = (
				59DE5ECB5D4F30FDDEBBD50B /* NavProject */,
			);
		};
/* End PBXProject section */

/* Begin PBXReferenceProxy section */
		9596FA655A4C50D70EBAF8A5 /* libNavigator.dylib */ = {
			isa = PBXReferenceProxy;
			fileType = "compiled.mach-o.dylib";
			path = libNavigator.dylib;
			remoteRef = 7358306DA2E9FF5F7DF73EAD /* PBXContainerItemProxy */;
			sourceTree = BUILT_PRODUCTS_DIR;
		};
/* End PBXReferenceProxy section */

/* Begin PBXResourcesBuildPhase section */
		9F99DF15AC568E872140FD55 /* Resources */ = {
			isa = PBXResourcesBuildPhase;
			buildActionMask = 2147483647;
			files = (
			);
			runOnlyForDeploymentPostprocessing = 0;
		};
/* End PBXResourcesBuildPhase section */

/* Begin PBXSourcesBuildPhase section */
		0946F86C1603A7DE8AEE16AC /* Sources */ = {
			isa = PBXSourcesBuildPhase;
			buildActionMask = 2147483647;
			files = (
				B68AC1CC0D182C3EE591400C /* main.cpp in Sources */,
			);
			runOnlyForDeploymentPostprocessing = 0;
		};
/* End PBXSourcesBuildPhase section */

/* Begin PBXTargetDependency section */
		C7F52116F02FD9C8D7CB6756 /* PBXTargetDependency */ = {
			isa = PBXTargetDependency;
			name = libNavigator.dylib;
			targetProxy = C592A306F52471F8D031B146 /* PBXContainerItemProxy */;
		};
/* End PBXTargetDependency section */

/* Begin XCBuildConfiguration section */
		0C0E999A629C040C3B1517DA /* Debug */ = {
			isa = XCBuildConfiguration;
			buildSettings = {
				ALWAYS_SEARCH_USER_PATHS = NO;
				CLANG_ENABLE_OBJC_WEAK = YES;
				CODE_SIGN_IDENTITY = "-";
				CONFIGURATION_BUILD_DIR = "../bin/Debug-macosx-x86_64/NavProject";
				DEBUG_INFORMATION_FORMAT = "dwarf-with-dsym";
				GCC_DYNAMIC_NO_PIC = NO;
				INSTALL_PATH = /usr/local/bin;
				MACOSX_DEPLOYMENT_TARGET = latest;
				PRODUCT_NAME = NavProject;
			};
			name = Debug;
		};
		2A03A4859B8EBCF74A8FE2C5 /* Release */ = {
			isa = XCBuildConfiguration;
			buildSettings = {
				CLANG_CXX_LANGUAGE_STANDARD = "c++1z";
				CLANG_WARN_BLOCK_CAPTURE_AUTORELEASING = YES;
				CLANG_WARN_BOOL_CONVERSION = YES;
				CLANG_WARN_COMMA = YES;
				CLANG_WARN_CONSTANT_CONVERSION = YES;
				CLANG_WARN_DEPRECATED_OBJC_IMPLEMENTATIONS = YES;
				CLANG_WARN_EMPTY_BODY = YES;
				CLANG_WARN_ENUM_CONVERSION = YES;
				CLANG_WARN_INFINITE_RECURSION = YES;
				CLANG_WARN_INT_CONVERSION = YES;
				CLANG_WARN_NON_LITERAL_NULL_CONVERSION = YES;
				CLANG_WARN_OBJC_IMPLICIT_RETAIN_SELF = YES;
				CLANG_WARN_OBJC_LITERAL_CONVERSION = YES;
				CLANG_WARN_QUOTED_INCLUDE_IN_FRAMEWORK_HEADER = YES;
				CLANG_WARN_RANGE_LOOP_ANALYSIS = YES;
				CLANG_WARN_STRICT_PROTOTYPES = YES;
				CLANG_WARN_SUSPICIOUS_MOVE = YES;
				CLANG_WARN_UNREACHABLE_CODE = YES;
				CLANG_WARN__DUPLICATE_METHOD_MATCH = YES;
				CONFIGURATION_BUILD_DIR = "$(SYMROOT)";
				CONFIGURATION_TEMP_DIR = "$(OBJROOT)";
				ENABLE_STRICT_OBJC_MSGSEND = YES;
				GCC_NO_COMMON_BLOCKS = YES;
				GCC_OPTIMIZATION_LEVEL = 3;
				GCC_PREPROCESSOR_DEFINITIONS = NAV_RELEASE;
				GCC_SYMBOLS_PRIVATE_EXTERN = NO;
				GCC_WARN_64_TO_32_BIT_CONVERSION = YES;
				GCC_WARN_ABOUT_RETURN_TYPE = YES;
				GCC_WARN_UNDECLARED_SELECTOR = YES;
				GCC_WARN_UNINITIALIZED_AUTOS = YES;
				GCC_WARN_UNUSED_FUNCTION = YES;
				GCC_WARN_UNUSED_VARIABLE = YES;
				OBJROOT = "../bin-int/Release-macosx-x86_64/NavProject";
				ONLY_ACTIVE_ARCH = NO;
				SYMROOT = "../bin/Release-macosx-x86_64/NavProject";
				SYSTEM_HEADER_SEARCH_PATHS = "../Navigator/vendor/spdlog/include ../Navigator/vendor/glfw/include ../Navigator/vendor/imgui ../Navigator/vendor/glad/include ../Navigator/vendor/implot $(inherited)";
				USER_HEADER_SEARCH_PATHS = "../Navigator/src ../Navigator/src/Navigator ../Navigator/vendor/spdlog/include ../Navigator/vendor/implot ../Navigator/vendor";
			};
			name = Release;
		};
		7AFEBB8BA9A50F7D02E669CB /* Debug */ = {
			isa = XCBuildConfiguration;
			buildSettings = {
				CLANG_CXX_LANGUAGE_STANDARD = "c++1z";
				CLANG_WARN_BLOCK_CAPTURE_AUTORELEASING = YES;
				CLANG_WARN_BOOL_CONVERSION = YES;
				CLANG_WARN_COMMA = YES;
				CLANG_WARN_CONSTANT_CONVERSION = YES;
				CLANG_WARN_DEPRECATED_OBJC_IMPLEMENTATIONS = YES;
				CLANG_WARN_EMPTY_BODY = YES;
				CLANG_WARN_ENUM_CONVERSION = YES;
				CLANG_WARN_INFINITE_RECURSION = YES;
				CLANG_WARN_INT_CONVERSION = YES;
				CLANG_WARN_NON_LITERAL_NULL_CONVERSION = YES;
				CLANG_WARN_OBJC_IMPLICIT_RETAIN_SELF = YES;
				CLANG_WARN_OBJC_LITERAL_CONVERSION = YES;
				CLANG_WARN_QUOTED_INCLUDE_IN_FRAMEWORK_HEADER = YES;
				CLANG_WARN_RANGE_LOOP_ANALYSIS = YES;
				CLANG_WARN_STRICT_PROTOTYPES = YES;
				CLANG_WARN_SUSPICIOUS_MOVE = YES;
				CLANG_WARN_UNREACHABLE_CODE = YES;
				CLANG_WARN__DUPLICATE_METHOD_MATCH = YES;
				CONFIGURATION_BUILD_DIR = "$(SYMROOT)";
				CONFIGURATION_TEMP_DIR = "$(OBJROOT)";
				COPY_PHASE_STRIP = NO;
				ENABLE_STRICT_OBJC_MSGSEND = YES;
				ENABLE_TESTABILITY = YES;
				GCC_NO_COMMON_BLOCKS = YES;
				GCC_OPTIMIZATION_LEVEL = 0;
				GCC_PREPROCESSOR_DEFINITIONS = NAV_DEBUG;
				GCC_SYMBOLS_PRIVATE_EXTERN = NO;
				GCC_WARN_64_TO_32_BIT_CONVERSION = YES;
				GCC_WARN_ABOUT_RETURN_TYPE = YES;
				GCC_WARN_UNDECLARED_SELECTOR = YES;
				GCC_WARN_UNINITIALIZED_AUTOS = YES;
				GCC_WARN_UNUSED_FUNCTION = YES;
				GCC_WARN_UNUSED_VARIABLE = YES;
				OBJROOT = "../bin-int/Debug-macosx-x86_64/NavProject";
				ONLY_ACTIVE_ARCH = YES;
				SYMROOT = "../bin/Debug-macosx-x86_64/NavProject";
				SYSTEM_HEADER_SEARCH_PATHS = "../Navigator/vendor/spdlog/include ../Navigator/vendor/glfw/include ../Navigator/vendor/imgui ../Navigator/vendor/glad/include ../Navigator/vendor/implot $(inherited)";
				USER_HEADER_SEARCH_PATHS = "../Navigator/src ../Navigator/src/Navigator ../Navigator/vendor/spdlog/include ../Navigator/vendor/implot ../Navigator/vendor";
			};
			name = Debug;
		};
		90DE8314C07052069B7D9154 /* Release */ = {
			isa = XCBuildConfiguration;
			buildSettings = {
				ALWAYS_SEARCH_USER_PATHS = NO;
				CLANG_ENABLE_OBJC_WEAK = YES;
				CODE_SIGN_IDENTITY = "-";
				CONFIGURATION_BUILD_DIR = "../bin/Release-macosx-x86_64/NavProject";
				DEBUG_INFORMATION_FORMAT = "dwarf-with-dsym";
				GCC_DYNAMIC_NO_PIC = NO;
				INSTALL_PATH = /usr/local/bin;
				MACOSX_DEPLOYMENT_TARGET = latest;
				PRODUCT_NAME = NavProject;
			};
			name = Release;
		};
/* End XCBuildConfiguration section */

/* Begin XCConfigurationList section */
		1DEB928908733DD80010E9CD /* Build configuration list for PBXProject "NavProject" */ = {
			isa = XCConfigurationList;
			buildConfigurations = (
				7AFEBB8BA9A50F7D02E669CB /* Debug */,
				2A03A4859B8EBCF74A8FE2C5 /* Release */,
			);
			defaultConfigurationIsVisible = 0;
			defaultConfigurationName = Debug;
		};
		1DEDA6D42AAA56469F94C514 /* Build configuration list for PBXNativeTarget "NavProject" */ = {
			isa = XCConfigurationList;
			buildConfigurations = (
				0C0E999A629C040C3B1517DA /* Debug */,
				90DE8314C07052069B7D9154 /* Release */,
			);
			defaultConfigurationIsVisible = 0;
			defaultConfigurationName = Debug;
		};
/* End XCConfigurationList section */
	};
	rootObject = 08FB7793FE84155DC02AAC07 /* Project object */;
}
